// !$*UTF8*$!
{
	archiveVersion = 1;
	classes = {
	};
	objectVersion = 46;
	objects = {

/* Begin PBXBuildFile section */
		49964C701DE9146D0001336A /* AppDelegate.swift in Sources */ = {isa = PBXBuildFile; fileRef = 49964C6F1DE9146D0001336A /* AppDelegate.swift */; };
		49964C751DE9146D0001336A /* Main.storyboard in Resources */ = {isa = PBXBuildFile; fileRef = 49964C731DE9146D0001336A /* Main.storyboard */; };
		49964C781DE9146D0001336A /* MyWonders.xcdatamodeld in Sources */ = {isa = PBXBuildFile; fileRef = 49964C761DE9146D0001336A /* MyWonders.xcdatamodeld */; };
		49964C7D1DE9146D0001336A /* LaunchScreen.storyboard in Resources */ = {isa = PBXBuildFile; fileRef = 49964C7B1DE9146D0001336A /* LaunchScreen.storyboard */; };
		49ADD9541DE9218B002554F4 /* Assets.xcassets in Resources */ = {isa = PBXBuildFile; fileRef = 49ADD9531DE9218B002554F4 /* Assets.xcassets */; };
		49ADD9561DE926EB002554F4 /* WhereAmIViewController.swift in Sources */ = {isa = PBXBuildFile; fileRef = 49ADD9551DE926EB002554F4 /* WhereAmIViewController.swift */; };
		49ADD9581DE92708002554F4 /* WondersTableViewController.swift in Sources */ = {isa = PBXBuildFile; fileRef = 49ADD9571DE92708002554F4 /* WondersTableViewController.swift */; };
		49ADD95A1DE9271E002554F4 /* SettingsTableViewController.swift in Sources */ = {isa = PBXBuildFile; fileRef = 49ADD9591DE9271E002554F4 /* SettingsTableViewController.swift */; };
		49ADD9651DE92FAB002554F4 /* Settings+CoreDataProperties.swift in Sources */ = {isa = PBXBuildFile; fileRef = 49ADD95B1DE92FAB002554F4 /* Settings+CoreDataProperties.swift */; };
		49ADD9661DE92FAB002554F4 /* Settings.swift in Sources */ = {isa = PBXBuildFile; fileRef = 49ADD95C1DE92FAB002554F4 /* Settings.swift */; };
		49ADD9671DE92FAB002554F4 /* Photos+CoreDataProperties.swift in Sources */ = {isa = PBXBuildFile; fileRef = 49ADD95D1DE92FAB002554F4 /* Photos+CoreDataProperties.swift */; };
		49ADD9681DE92FAB002554F4 /* Photos.swift in Sources */ = {isa = PBXBuildFile; fileRef = 49ADD95E1DE92FAB002554F4 /* Photos.swift */; };
		49ADD9691DE92FAB002554F4 /* Wonders+CoreDataProperties.swift in Sources */ = {isa = PBXBuildFile; fileRef = 49ADD95F1DE92FAB002554F4 /* Wonders+CoreDataProperties.swift */; };
		49ADD96A1DE92FAB002554F4 /* Wonders.swift in Sources */ = {isa = PBXBuildFile; fileRef = 49ADD9601DE92FAB002554F4 /* Wonders.swift */; };
		49ADD96B1DE92FAB002554F4 /* Videos+CoreDataProperties.swift in Sources */ = {isa = PBXBuildFile; fileRef = 49ADD9611DE92FAB002554F4 /* Videos+CoreDataProperties.swift */; };
		49ADD96C1DE92FAB002554F4 /* Videos.swift in Sources */ = {isa = PBXBuildFile; fileRef = 49ADD9621DE92FAB002554F4 /* Videos.swift */; };
		49ADD96D1DE92FAB002554F4 /* Sounds+CoreDataProperties.swift in Sources */ = {isa = PBXBuildFile; fileRef = 49ADD9631DE92FAB002554F4 /* Sounds+CoreDataProperties.swift */; };
		49ADD96E1DE92FAB002554F4 /* Sounds.swift in Sources */ = {isa = PBXBuildFile; fileRef = 49ADD9641DE92FAB002554F4 /* Sounds.swift */; };
		49ADD9701DE937D5002554F4 /* AddWonderViewController.swift in Sources */ = {isa = PBXBuildFile; fileRef = 49ADD96F1DE937D5002554F4 /* AddWonderViewController.swift */; };
		49ADD9721DE94A39002554F4 /* ViewWonderViewController.swift in Sources */ = {isa = PBXBuildFile; fileRef = 49ADD9711DE94A39002554F4 /* ViewWonderViewController.swift */; };
		49ADD9741DE95C3A002554F4 /* EditWonderViewController.swift in Sources */ = {isa = PBXBuildFile; fileRef = 49ADD9731DE95C3A002554F4 /* EditWonderViewController.swift */; };
		49ADD9761DE9FC65002554F4 /* MapKit.framework in Frameworks */ = {isa = PBXBuildFile; fileRef = 49ADD9751DE9FC65002554F4 /* MapKit.framework */; };
		49ADD9781DE9FC71002554F4 /* CoreLocation.framework in Frameworks */ = {isa = PBXBuildFile; fileRef = 49ADD9771DE9FC71002554F4 /* CoreLocation.framework */; };
		49ADD97A1DEA06A8002554F4 /* PhotosViewController.swift in Sources */ = {isa = PBXBuildFile; fileRef = 49ADD9791DEA06A8002554F4 /* PhotosViewController.swift */; };
		49ADD97E1DEA2BDF002554F4 /* WonderPhotosTableViewController.swift in Sources */ = {isa = PBXBuildFile; fileRef = 49ADD97D1DEA2BDF002554F4 /* WonderPhotosTableViewController.swift */; };
		49ADD9801DEA5DCF002554F4 /* EditPhotosTableViewController.swift in Sources */ = {isa = PBXBuildFile; fileRef = 49ADD97F1DEA5DCF002554F4 /* EditPhotosTableViewController.swift */; };
		49ADD9821DEA7846002554F4 /* SoundsViewController.swift in Sources */ = {isa = PBXBuildFile; fileRef = 49ADD9811DEA7846002554F4 /* SoundsViewController.swift */; };
		49ADD9841DEA798D002554F4 /* WonderSoundsTableViewController.swift in Sources */ = {isa = PBXBuildFile; fileRef = 49ADD9831DEA798D002554F4 /* WonderSoundsTableViewController.swift */; };
/* End PBXBuildFile section */

/* Begin PBXFileReference section */
		49964C6C1DE9146D0001336A /* MyWonders.app */ = {isa = PBXFileReference; explicitFileType = wrapper.application; includeInIndex = 0; path = MyWonders.app; sourceTree = BUILT_PRODUCTS_DIR; };
		49964C6F1DE9146D0001336A /* AppDelegate.swift */ = {isa = PBXFileReference; lastKnownFileType = sourcecode.swift; path = AppDelegate.swift; sourceTree = "<group>"; };
		49964C741DE9146D0001336A /* Base */ = {isa = PBXFileReference; lastKnownFileType = file.storyboard; name = Base; path = Base.lproj/Main.storyboard; sourceTree = "<group>"; };
		49964C771DE9146D0001336A /* MyWonders.xcdatamodel */ = {isa = PBXFileReference; lastKnownFileType = wrapper.xcdatamodel; path = MyWonders.xcdatamodel; sourceTree = "<group>"; };
		49964C7C1DE9146D0001336A /* Base */ = {isa = PBXFileReference; lastKnownFileType = file.storyboard; name = Base; path = Base.lproj/LaunchScreen.storyboard; sourceTree = "<group>"; };
		49964C7E1DE9146D0001336A /* Info.plist */ = {isa = PBXFileReference; lastKnownFileType = text.plist.xml; path = Info.plist; sourceTree = "<group>"; };
		49ADD9531DE9218B002554F4 /* Assets.xcassets */ = {isa = PBXFileReference; lastKnownFileType = folder.assetcatalog; path = Assets.xcassets; sourceTree = "<group>"; };
		49ADD9551DE926EB002554F4 /* WhereAmIViewController.swift */ = {isa = PBXFileReference; fileEncoding = 4; lastKnownFileType = sourcecode.swift; path = WhereAmIViewController.swift; sourceTree = "<group>"; };
		49ADD9571DE92708002554F4 /* WondersTableViewController.swift */ = {isa = PBXFileReference; fileEncoding = 4; lastKnownFileType = sourcecode.swift; path = WondersTableViewController.swift; sourceTree = "<group>"; };
		49ADD9591DE9271E002554F4 /* SettingsTableViewController.swift */ = {isa = PBXFileReference; fileEncoding = 4; lastKnownFileType = sourcecode.swift; path = SettingsTableViewController.swift; sourceTree = "<group>"; };
		49ADD95B1DE92FAB002554F4 /* Settings+CoreDataProperties.swift */ = {isa = PBXFileReference; fileEncoding = 4; lastKnownFileType = sourcecode.swift; path = "Settings+CoreDataProperties.swift"; sourceTree = "<group>"; };
		49ADD95C1DE92FAB002554F4 /* Settings.swift */ = {isa = PBXFileReference; fileEncoding = 4; lastKnownFileType = sourcecode.swift; path = Settings.swift; sourceTree = "<group>"; };
		49ADD95D1DE92FAB002554F4 /* Photos+CoreDataProperties.swift */ = {isa = PBXFileReference; fileEncoding = 4; lastKnownFileType = sourcecode.swift; path = "Photos+CoreDataProperties.swift"; sourceTree = "<group>"; };
		49ADD95E1DE92FAB002554F4 /* Photos.swift */ = {isa = PBXFileReference; fileEncoding = 4; lastKnownFileType = sourcecode.swift; path = Photos.swift; sourceTree = "<group>"; };
		49ADD95F1DE92FAB002554F4 /* Wonders+CoreDataProperties.swift */ = {isa = PBXFileReference; fileEncoding = 4; lastKnownFileType = sourcecode.swift; path = "Wonders+CoreDataProperties.swift"; sourceTree = "<group>"; };
		49ADD9601DE92FAB002554F4 /* Wonders.swift */ = {isa = PBXFileReference; fileEncoding = 4; lastKnownFileType = sourcecode.swift; path = Wonders.swift; sourceTree = "<group>"; };
		49ADD9611DE92FAB002554F4 /* Videos+CoreDataProperties.swift */ = {isa = PBXFileReference; fileEncoding = 4; lastKnownFileType = sourcecode.swift; path = "Videos+CoreDataProperties.swift"; sourceTree = "<group>"; };
		49ADD9621DE92FAB002554F4 /* Videos.swift */ = {isa = PBXFileReference; fileEncoding = 4; lastKnownFileType = sourcecode.swift; path = Videos.swift; sourceTree = "<group>"; };
		49ADD9631DE92FAB002554F4 /* Sounds+CoreDataProperties.swift */ = {isa = PBXFileReference; fileEncoding = 4; lastKnownFileType = sourcecode.swift; path = "Sounds+CoreDataProperties.swift"; sourceTree = "<group>"; };
		49ADD9641DE92FAB002554F4 /* Sounds.swift */ = {isa = PBXFileReference; fileEncoding = 4; lastKnownFileType = sourcecode.swift; path = Sounds.swift; sourceTree = "<group>"; };
		49ADD96F1DE937D5002554F4 /* AddWonderViewController.swift */ = {isa = PBXFileReference; fileEncoding = 4; lastKnownFileType = sourcecode.swift; path = AddWonderViewController.swift; sourceTree = "<group>"; };
		49ADD9711DE94A39002554F4 /* ViewWonderViewController.swift */ = {isa = PBXFileReference; fileEncoding = 4; lastKnownFileType = sourcecode.swift; path = ViewWonderViewController.swift; sourceTree = "<group>"; };
		49ADD9731DE95C3A002554F4 /* EditWonderViewController.swift */ = {isa = PBXFileReference; fileEncoding = 4; lastKnownFileType = sourcecode.swift; path = EditWonderViewController.swift; sourceTree = "<group>"; };
		49ADD9751DE9FC65002554F4 /* MapKit.framework */ = {isa = PBXFileReference; lastKnownFileType = wrapper.framework; name = MapKit.framework; path = System/Library/Frameworks/MapKit.framework; sourceTree = SDKROOT; };
		49ADD9771DE9FC71002554F4 /* CoreLocation.framework */ = {isa = PBXFileReference; lastKnownFileType = wrapper.framework; name = CoreLocation.framework; path = System/Library/Frameworks/CoreLocation.framework; sourceTree = SDKROOT; };
		49ADD9791DEA06A8002554F4 /* PhotosViewController.swift */ = {isa = PBXFileReference; fileEncoding = 4; lastKnownFileType = sourcecode.swift; path = PhotosViewController.swift; sourceTree = "<group>"; };
		49ADD97D1DEA2BDF002554F4 /* WonderPhotosTableViewController.swift */ = {isa = PBXFileReference; fileEncoding = 4; lastKnownFileType = sourcecode.swift; name = WonderPhotosTableViewController.swift; path = ../WonderPhotosTableViewController.swift; sourceTree = "<group>"; };
		49ADD97F1DEA5DCF002554F4 /* EditPhotosTableViewController.swift */ = {isa = PBXFileReference; fileEncoding = 4; lastKnownFileType = sourcecode.swift; path = EditPhotosTableViewController.swift; sourceTree = "<group>"; };
		49ADD9811DEA7846002554F4 /* SoundsViewController.swift */ = {isa = PBXFileReference; fileEncoding = 4; lastKnownFileType = sourcecode.swift; path = SoundsViewController.swift; sourceTree = "<group>"; };
		49ADD9831DEA798D002554F4 /* WonderSoundsTableViewController.swift */ = {isa = PBXFileReference; fileEncoding = 4; lastKnownFileType = sourcecode.swift; path = WonderSoundsTableViewController.swift; sourceTree = "<group>"; };
/* End PBXFileReference section */

/* Begin PBXFrameworksBuildPhase section */
		49964C691DE9146D0001336A /* Frameworks */ = {
			isa = PBXFrameworksBuildPhase;
			buildActionMask = 2147483647;
			files = (
				49ADD9781DE9FC71002554F4 /* CoreLocation.framework in Frameworks */,
				49ADD9761DE9FC65002554F4 /* MapKit.framework in Frameworks */,
			);
			runOnlyForDeploymentPostprocessing = 0;
		};
/* End PBXFrameworksBuildPhase section */

/* Begin PBXGroup section */
		49964C631DE9146D0001336A = {
			isa = PBXGroup;
			children = (
				49ADD9771DE9FC71002554F4 /* CoreLocation.framework */,
				49ADD9751DE9FC65002554F4 /* MapKit.framework */,
				49ADD95B1DE92FAB002554F4 /* Settings+CoreDataProperties.swift */,
				49ADD95C1DE92FAB002554F4 /* Settings.swift */,
				49ADD95D1DE92FAB002554F4 /* Photos+CoreDataProperties.swift */,
				49ADD95E1DE92FAB002554F4 /* Photos.swift */,
				49ADD95F1DE92FAB002554F4 /* Wonders+CoreDataProperties.swift */,
				49ADD9601DE92FAB002554F4 /* Wonders.swift */,
				49ADD9611DE92FAB002554F4 /* Videos+CoreDataProperties.swift */,
				49ADD9621DE92FAB002554F4 /* Videos.swift */,
				49ADD9631DE92FAB002554F4 /* Sounds+CoreDataProperties.swift */,
				49ADD9641DE92FAB002554F4 /* Sounds.swift */,
				49964C6E1DE9146D0001336A /* MyWonders */,
				49964C6D1DE9146D0001336A /* Products */,
			);
			sourceTree = "<group>";
		};
		49964C6D1DE9146D0001336A /* Products */ = {
			isa = PBXGroup;
			children = (
				49964C6C1DE9146D0001336A /* MyWonders.app */,
			);
			name = Products;
			sourceTree = "<group>";
		};
		49964C6E1DE9146D0001336A /* MyWonders */ = {
			isa = PBXGroup;
			children = (
				49964C6F1DE9146D0001336A /* AppDelegate.swift */,
				49964C731DE9146D0001336A /* Main.storyboard */,
				49ADD9831DEA798D002554F4 /* WonderSoundsTableViewController.swift */,
				49ADD9811DEA7846002554F4 /* SoundsViewController.swift */,
				49ADD97F1DEA5DCF002554F4 /* EditPhotosTableViewController.swift */,
				49ADD97D1DEA2BDF002554F4 /* WonderPhotosTableViewController.swift */,
				49ADD9791DEA06A8002554F4 /* PhotosViewController.swift */,
				49ADD9731DE95C3A002554F4 /* EditWonderViewController.swift */,
				49ADD9711DE94A39002554F4 /* ViewWonderViewController.swift */,
				49ADD96F1DE937D5002554F4 /* AddWonderViewController.swift */,
				49ADD9551DE926EB002554F4 /* WhereAmIViewController.swift */,
				49ADD9571DE92708002554F4 /* WondersTableViewController.swift */,
				49ADD9591DE9271E002554F4 /* SettingsTableViewController.swift */,
				49ADD9531DE9218B002554F4 /* Assets.xcassets */,
				49964C7B1DE9146D0001336A /* LaunchScreen.storyboard */,
				49964C7E1DE9146D0001336A /* Info.plist */,
				49964C761DE9146D0001336A /* MyWonders.xcdatamodeld */,
			);
			path = MyWonders;
			sourceTree = "<group>";
		};
/* End PBXGroup section */

/* Begin PBXNativeTarget section */
		49964C6B1DE9146D0001336A /* MyWonders */ = {
			isa = PBXNativeTarget;
			buildConfigurationList = 49964C811DE9146D0001336A /* Build configuration list for PBXNativeTarget "MyWonders" */;
			buildPhases = (
				49964C681DE9146D0001336A /* Sources */,
				49964C691DE9146D0001336A /* Frameworks */,
				49964C6A1DE9146D0001336A /* Resources */,
			);
			buildRules = (
			);
			dependencies = (
			);
			name = MyWonders;
			productName = MyWonders;
			productReference = 49964C6C1DE9146D0001336A /* MyWonders.app */;
			productType = "com.apple.product-type.application";
		};
/* End PBXNativeTarget section */

/* Begin PBXProject section */
		49964C641DE9146D0001336A /* Project object */ = {
			isa = PBXProject;
			attributes = {
				LastSwiftUpdateCheck = 0730;
				LastUpgradeCheck = 0730;
				ORGANIZATIONNAME = "Mélissa BEUZE";
				TargetAttributes = {
					49964C6B1DE9146D0001336A = {
						CreatedOnToolsVersion = 7.3;
						DevelopmentTeam = 3K3K8XA5PN;
					};
				};
			};
			buildConfigurationList = 49964C671DE9146D0001336A /* Build configuration list for PBXProject "MyWonders" */;
			compatibilityVersion = "Xcode 3.2";
			developmentRegion = English;
			hasScannedForEncodings = 0;
			knownRegions = (
				en,
				Base,
			);
			mainGroup = 49964C631DE9146D0001336A;
			productRefGroup = 49964C6D1DE9146D0001336A /* Products */;
			projectDirPath = "";
			projectRoot = "";
			targets = (
				49964C6B1DE9146D0001336A /* MyWonders */,
			);
		};
/* End PBXProject section */

/* Begin PBXResourcesBuildPhase section */
		49964C6A1DE9146D0001336A /* Resources */ = {
			isa = PBXResourcesBuildPhase;
			buildActionMask = 2147483647;
			files = (
				49964C7D1DE9146D0001336A /* LaunchScreen.storyboard in Resources */,
				49ADD9541DE9218B002554F4 /* Assets.xcassets in Resources */,
				49964C751DE9146D0001336A /* Main.storyboard in Resources */,
			);
			runOnlyForDeploymentPostprocessing = 0;
		};
/* End PBXResourcesBuildPhase section */

/* Begin PBXSourcesBuildPhase section */
		49964C681DE9146D0001336A /* Sources */ = {
			isa = PBXSourcesBuildPhase;
			buildActionMask = 2147483647;
			files = (
				49ADD9681DE92FAB002554F4 /* Photos.swift in Sources */,
				49ADD97A1DEA06A8002554F4 /* PhotosViewController.swift in Sources */,
				49ADD9561DE926EB002554F4 /* WhereAmIViewController.swift in Sources */,
				49ADD97E1DEA2BDF002554F4 /* WonderPhotosTableViewController.swift in Sources */,
				49ADD96A1DE92FAB002554F4 /* Wonders.swift in Sources */,
				49ADD9841DEA798D002554F4 /* WonderSoundsTableViewController.swift in Sources */,
				49ADD9721DE94A39002554F4 /* ViewWonderViewController.swift in Sources */,
				49ADD96B1DE92FAB002554F4 /* Videos+CoreDataProperties.swift in Sources */,
				49964C781DE9146D0001336A /* MyWonders.xcdatamodeld in Sources */,
				49ADD9671DE92FAB002554F4 /* Photos+CoreDataProperties.swift in Sources */,
				49ADD9691DE92FAB002554F4 /* Wonders+CoreDataProperties.swift in Sources */,
				49ADD96D1DE92FAB002554F4 /* Sounds+CoreDataProperties.swift in Sources */,
				49ADD9741DE95C3A002554F4 /* EditWonderViewController.swift in Sources */,
				49ADD9651DE92FAB002554F4 /* Settings+CoreDataProperties.swift in Sources */,
				49ADD95A1DE9271E002554F4 /* SettingsTableViewController.swift in Sources */,
				49ADD9661DE92FAB002554F4 /* Settings.swift in Sources */,
				49ADD9801DEA5DCF002554F4 /* EditPhotosTableViewController.swift in Sources */,
				49ADD96C1DE92FAB002554F4 /* Videos.swift in Sources */,
				49ADD96E1DE92FAB002554F4 /* Sounds.swift in Sources */,
				49ADD9821DEA7846002554F4 /* SoundsViewController.swift in Sources */,
				49964C701DE9146D0001336A /* AppDelegate.swift in Sources */,
				49ADD9581DE92708002554F4 /* WondersTableViewController.swift in Sources */,
				49ADD9701DE937D5002554F4 /* AddWonderViewController.swift in Sources */,
			);
			runOnlyForDeploymentPostprocessing = 0;
		};
/* End PBXSourcesBuildPhase section */

/* Begin PBXVariantGroup section */
		49964C731DE9146D0001336A /* Main.storyboard */ = {
			isa = PBXVariantGroup;
			children = (
				49964C741DE9146D0001336A /* Base */,
			);
			name = Main.storyboard;
			sourceTree = "<group>";
		};
		49964C7B1DE9146D0001336A /* LaunchScreen.storyboard */ = {
			isa = PBXVariantGroup;
			children = (
				49964C7C1DE9146D0001336A /* Base */,
			);
			name = LaunchScreen.storyboard;
			sourceTree = "<group>";
		};
/* End PBXVariantGroup section */

/* Begin XCBuildConfiguration section */
		49964C7F1DE9146D0001336A /* Debug */ = {
			isa = XCBuildConfiguration;
			buildSettings = {
				ALWAYS_SEARCH_USER_PATHS = NO;
				CLANG_ANALYZER_NONNULL = YES;
				CLANG_CXX_LANGUAGE_STANDARD = "gnu++0x";
				CLANG_CXX_LIBRARY = "libc++";
				CLANG_ENABLE_MODULES = YES;
				CLANG_ENABLE_OBJC_ARC = YES;
				CLANG_WARN_BOOL_CONVERSION = YES;
				CLANG_WARN_CONSTANT_CONVERSION = YES;
				CLANG_WARN_DIRECT_OBJC_ISA_USAGE = YES_ERROR;
				CLANG_WARN_EMPTY_BODY = YES;
				CLANG_WARN_ENUM_CONVERSION = YES;
				CLANG_WARN_INT_CONVERSION = YES;
				CLANG_WARN_OBJC_ROOT_CLASS = YES_ERROR;
				CLANG_WARN_UNREACHABLE_CODE = YES;
				CLANG_WARN__DUPLICATE_METHOD_MATCH = YES;
				"CODE_SIGN_IDENTITY[sdk=iphoneos*]" = "iPhone Developer";
				COPY_PHASE_STRIP = NO;
				DEBUG_INFORMATION_FORMAT = dwarf;
				ENABLE_STRICT_OBJC_MSGSEND = YES;
				ENABLE_TESTABILITY = YES;
				GCC_C_LANGUAGE_STANDARD = gnu99;
				GCC_DYNAMIC_NO_PIC = NO;
				GCC_NO_COMMON_BLOCKS = YES;
				GCC_OPTIMIZATION_LEVEL = 0;
				GCC_PREPROCESSOR_DEFINITIONS = (
					"DEBUG=1",
					"$(inherited)",
				);
				GCC_WARN_64_TO_32_BIT_CONVERSION = YES;
				GCC_WARN_ABOUT_RETURN_TYPE = YES_ERROR;
				GCC_WARN_UNDECLARED_SELECTOR = YES;
				GCC_WARN_UNINITIALIZED_AUTOS = YES_AGGRESSIVE;
				GCC_WARN_UNUSED_FUNCTION = YES;
				GCC_WARN_UNUSED_VARIABLE = YES;
				IPHONEOS_DEPLOYMENT_TARGET = 9.3;
				MTL_ENABLE_DEBUG_INFO = YES;
				ONLY_ACTIVE_ARCH = YES;
				SDKROOT = iphoneos;
				SWIFT_OPTIMIZATION_LEVEL = "-Onone";
			};
			name = Debug;
		};
		49964C801DE9146D0001336A /* Release */ = {
			isa = XCBuildConfiguration;
			buildSettings = {
				ALWAYS_SEARCH_USER_PATHS = NO;
				CLANG_ANALYZER_NONNULL = YES;
				CLANG_CXX_LANGUAGE_STANDARD = "gnu++0x";
				CLANG_CXX_LIBRARY = "libc++";
				CLANG_ENABLE_MODULES = YES;
				CLANG_ENABLE_OBJC_ARC = YES;
				CLANG_WARN_BOOL_CONVERSION = YES;
				CLANG_WARN_CONSTANT_CONVERSION = YES;
				CLANG_WARN_DIRECT_OBJC_ISA_USAGE = YES_ERROR;
				CLANG_WARN_EMPTY_BODY = YES;
				CLANG_WARN_ENUM_CONVERSION = YES;
				CLANG_WARN_INT_CONVERSION = YES;
				CLANG_WARN_OBJC_ROOT_CLASS = YES_ERROR;
				CLANG_WARN_UNREACHABLE_CODE = YES;
				CLANG_WARN__DUPLICATE_METHOD_MATCH = YES;
				"CODE_SIGN_IDENTITY[sdk=iphoneos*]" = "iPhone Developer";
				COPY_PHASE_STRIP = NO;
				DEBUG_INFORMATION_FORMAT = "dwarf-with-dsym";
				ENABLE_NS_ASSERTIONS = NO;
				ENABLE_STRICT_OBJC_MSGSEND = YES;
				GCC_C_LANGUAGE_STANDARD = gnu99;
				GCC_NO_COMMON_BLOCKS = YES;
				GCC_WARN_64_TO_32_BIT_CONVERSION = YES;
				GCC_WARN_ABOUT_RETURN_TYPE = YES_ERROR;
				GCC_WARN_UNDECLARED_SELECTOR = YES;
				GCC_WARN_UNINITIALIZED_AUTOS = YES_AGGRESSIVE;
				GCC_WARN_UNUSED_FUNCTION = YES;
				GCC_WARN_UNUSED_VARIABLE = YES;
				IPHONEOS_DEPLOYMENT_TARGET = 9.3;
				MTL_ENABLE_DEBUG_INFO = NO;
				SDKROOT = iphoneos;
				VALIDATE_PRODUCT = YES;
			};
			name = Release;
		};
		49964C821DE9146D0001336A /* Debug */ = {
			isa = XCBuildConfiguration;
			buildSettings = {
				ASSETCATALOG_COMPILER_APPICON_NAME = AppIcon;
				CODE_SIGN_IDENTITY = "iPhone Developer";
				INFOPLIST_FILE = MyWonders/Info.plist;
				LD_RUNPATH_SEARCH_PATHS = "$(inherited) @executable_path/Frameworks";
				PRODUCT_BUNDLE_IDENTIFIER = melissa.MyWonders;
				PRODUCT_NAME = "$(TARGET_NAME)";
			};
			name = Debug;
		};
		49964C831DE9146D0001336A /* Release */ = {
			isa = XCBuildConfiguration;
			buildSettings = {
				ASSETCATALOG_COMPILER_APPICON_NAME = AppIcon;
				CODE_SIGN_IDENTITY = "iPhone Developer";
				INFOPLIST_FILE = MyWonders/Info.plist;
				LD_RUNPATH_SEARCH_PATHS = "$(inherited) @executable_path/Frameworks";
				PRODUCT_BUNDLE_IDENTIFIER = melissa.MyWonders;
				PRODUCT_NAME = "$(TARGET_NAME)";
			};
			name = Release;
		};
/* End XCBuildConfiguration section */

/* Begin XCConfigurationList section */
		49964C671DE9146D0001336A /* Build configuration list for PBXProject "MyWonders" */ = {
			isa = XCConfigurationList;
			buildConfigurations = (
				49964C7F1DE9146D0001336A /* Debug */,
				49964C801DE9146D0001336A /* Release */,
			);
			defaultConfigurationIsVisible = 0;
			defaultConfigurationName = Release;
		};
		49964C811DE9146D0001336A /* Build configuration list for PBXNativeTarget "MyWonders" */ = {
			isa = XCConfigurationList;
			buildConfigurations = (
				49964C821DE9146D0001336A /* Debug */,
				49964C831DE9146D0001336A /* Release */,
			);
			defaultConfigurationIsVisible = 0;
			defaultConfigurationName = Release;
		};
/* End XCConfigurationList section */

/* Begin XCVersionGroup section */
		49964C761DE9146D0001336A /* MyWonders.xcdatamodeld */ = {
			isa = XCVersionGroup;
			children = (
				49964C771DE9146D0001336A /* MyWonders.xcdatamodel */,
			);
			currentVersion = 49964C771DE9146D0001336A /* MyWonders.xcdatamodel */;
			path = MyWonders.xcdatamodeld;
			sourceTree = "<group>";
			versionGroupType = wrapper.xcdatamodel;
		};
/* End XCVersionGroup section */
	};
	rootObject = 49964C641DE9146D0001336A /* Project object */;
}
